{
  "name": "configurator-service-code-examples",
  "version": "1.0.0",
  "lockfileVersion": 1,
  "requires": true,
  "dependencies": {
    "@cloudsense/cs-security-client": {
      "version": "3.3.0-alpha.0",
      "resolved": "https://registry.npmjs.org/@cloudsense/cs-security-client/-/cs-security-client-3.3.0-alpha.0.tgz",
      "integrity": "sha512-vVBGZCaKF043PLEI8zYj+GTc/MY2kZwa0YgCl2oe5yBOYz8bnN4Lx3yQXOtW8BmDFesw2Anm1FEUHzfmJEoHPA==",
      "requires": {
        "@types/node": "^8.5.8",
        "typescript": "3.1.1"
      }
    },
    "@types/node": {
      "version": "8.10.36",
      "resolved": "https://registry.npmjs.org/@types/node/-/node-8.10.36.tgz",
      "integrity": "sha512-SL6KhfM7PTqiFmbCW3eVNwVBZ+88Mrzbuvn9olPsfv43mbiWaFY+nRcz/TGGku0/lc2FepdMbImdMY1JrQ+zbw=="
    },
    "typescript": {
      "version": "3.1.1",
      "resolved": "https://registry.npmjs.org/typescript/-/typescript-3.1.1.tgz",
      "integrity": "sha512-Veu0w4dTc/9wlWNf2jeRInNodKlcdLgemvPsrNpfu5Pq39sgfFjvIIgTsvUHCoLBnMhPoUA+tFxsXjU6VexVRQ=="
    }
  }
}
